
Microsoft Visual Studio Solution File, Format Version 12.00
# Visual Studio Version 17
VisualStudioVersion = 17.14.36221.1
MinimumVisualStudioVersion = 10.0.40219.1
Project("{FAE04EC0-301F-11D3-BF4B-00C04F79EFBC}") = "Didur", "WebApplication1\Didur.csproj", "{28DEDF04-9A0B-4D1A-9206-56267B067881}"
EndProject
Project("{2150E333-8FDC-42A3-9474-1A3956D46DE8}") = "DAL", "DAL", "{36D591C7-65C7-A0D1-1CBC-10CDE441BDC8}"
EndProject
Project("{FAE04EC0-301F-11D3-BF4B-00C04F79EFBC}") = "DALtravelagency", "DALtravelagency\DALtravelagency.csproj", "{F05A1D3F-5FFB-4B3E-8711-A7DE38231F47}"
EndProject
Project("{2150E333-8FDC-42A3-9474-1A3956D46DE8}") = "Domain", "Domain", "{9EABA5FD-BDAC-4E61-BB56-66404DCF2674}"
EndProject
Project("{2150E333-8FDC-42A3-9474-1A3956D46DE8}") = "Service", "Service", "{2BD45483-6E08-8D8D-8130-F11346EE9468}"
EndProject
Project("{FAE04EC0-301F-11D3-BF4B-00C04F79EFBC}") = "DomainTravelAgency", "DomainTravelAgency\DomainTravelAgency.csproj", "{8204F1F7-3AF0-4055-9C25-D7A80002946C}"
EndProject
Project("{FAE04EC0-301F-11D3-BF4B-00C04F79EFBC}") = "service.TravelAgency", "service.TravelAgency\service.TravelAgency.csproj", "{C30FD732-2FD7-433F-AEC2-87441D7E6FDD}"
EndProject
Global
	GlobalSection(SolutionConfigurationPlatforms) = preSolution
		Debug|Any CPU = Debug|Any CPU
		Release|Any CPU = Release|Any CPU
	EndGlobalSection
	GlobalSection(ProjectConfigurationPlatforms) = postSolution
		{28DEDF04-9A0B-4D1A-9206-56267B067881}.Debug|Any CPU.ActiveCfg = Debug|Any CPU
		{28DEDF04-9A0B-4D1A-9206-56267B067881}.Debug|Any CPU.Build.0 = Debug|Any CPU
		{28DEDF04-9A0B-4D1A-9206-56267B067881}.Release|Any CPU.ActiveCfg = Release|Any CPU
		{28DEDF04-9A0B-4D1A-9206-56267B067881}.Release|Any CPU.Build.0 = Release|Any CPU
		{F05A1D3F-5FFB-4B3E-8711-A7DE38231F47}.Debug|Any CPU.ActiveCfg = Debug|Any CPU
		{F05A1D3F-5FFB-4B3E-8711-A7DE38231F47}.Debug|Any CPU.Build.0 = Debug|Any CPU
		{F05A1D3F-5FFB-4B3E-8711-A7DE38231F47}.Release|Any CPU.ActiveCfg = Release|Any CPU
		{F05A1D3F-5FFB-4B3E-8711-A7DE38231F47}.Release|Any CPU.Build.0 = Release|Any CPU
		{8204F1F7-3AF0-4055-9C25-D7A80002946C}.Debug|Any CPU.ActiveCfg = Debug|Any CPU
		{8204F1F7-3AF0-4055-9C25-D7A80002946C}.Debug|Any CPU.Build.0 = Debug|Any CPU
		{8204F1F7-3AF0-4055-9C25-D7A80002946C}.Release|Any CPU.ActiveCfg = Release|Any CPU
		{8204F1F7-3AF0-4055-9C25-D7A80002946C}.Release|Any CPU.Build.0 = Release|Any CPU
		{C30FD732-2FD7-433F-AEC2-87441D7E6FDD}.Debug|Any CPU.ActiveCfg = Debug|Any CPU
		{C30FD732-2FD7-433F-AEC2-87441D7E6FDD}.Debug|Any CPU.Build.0 = Debug|Any CPU
		{C30FD732-2FD7-433F-AEC2-87441D7E6FDD}.Release|Any CPU.ActiveCfg = Release|Any CPU
		{C30FD732-2FD7-433F-AEC2-87441D7E6FDD}.Release|Any CPU.Build.0 = Release|Any CPU
	EndGlobalSection
	GlobalSection(SolutionProperties) = preSolution
		HideSolutionNode = FALSE
	EndGlobalSection
	GlobalSection(NestedProjects) = preSolution
		{F05A1D3F-5FFB-4B3E-8711-A7DE38231F47} = {36D591C7-65C7-A0D1-1CBC-10CDE441BDC8}
		{8204F1F7-3AF0-4055-9C25-D7A80002946C} = {9EABA5FD-BDAC-4E61-BB56-66404DCF2674}
		{C30FD732-2FD7-433F-AEC2-87441D7E6FDD} = {2BD45483-6E08-8D8D-8130-F11346EE9468}
	EndGlobalSection
	GlobalSection(ExtensibilityGlobals) = postSolution
		SolutionGuid = {68E44A79-51A9-4A95-8938-A0DFB87DBBF1}
	EndGlobalSection
EndGlobal
