
Microsoft Visual Studio Solution File, Format Version 12.00
# Visual Studio Version 17
VisualStudioVersion = 17.14.36221.1 d17.14
MinimumVisualStudioVersion = 10.0.40219.1
Project("{FAE04EC0-301F-11D3-BF4B-00C04F79EFBC}") = "TourismAgency", "WebApplication1\TourismAgency.csproj", "{28DEDF04-9A0B-4D1A-9206-56267B067881}"
EndProject
Global
	GlobalSection(SolutionConfigurationPlatforms) = preSolution
		Debug|Any CPU = Debug|Any CPU
		Release|Any CPU = Release|Any CPU
	EndGlobalSection
	GlobalSection(ProjectConfigurationPlatforms) = postSolution
		{28DEDF04-9A0B-4D1A-9206-56267B067881}.Debug|Any CPU.ActiveCfg = Debug|Any CPU
		{28DEDF04-9A0B-4D1A-9206-56267B067881}.Debug|Any CPU.Build.0 = Debug|Any CPU
		{28DEDF04-9A0B-4D1A-9206-56267B067881}.Release|Any CPU.ActiveCfg = Release|Any CPU
		{28DEDF04-9A0B-4D1A-9206-56267B067881}.Release|Any CPU.Build.0 = Release|Any CPU
	EndGlobalSection
	GlobalSection(SolutionProperties) = preSolution
		HideSolutionNode = FALSE
	EndGlobalSection
	GlobalSection(ExtensibilityGlobals) = postSolution
		SolutionGuid = {68E44A79-51A9-4A95-8938-A0DFB87DBBF1}
	EndGlobalSection
EndGlobal
